
Microsoft Visual Studio Solution File, Format Version 12.00
# Visual Studio 15
VisualStudioVersion = 15.0.27703.2042
MinimumVisualStudioVersion = 10.0.40219.1
Project("{FAE04EC0-301F-11D3-BF4B-00C04F79EFBC}") = "Sales.Android", "Sales\Sales.Android\Sales.Android.csproj", "{7B101187-ADB0-4A86-AC58-6820D81F326D}"
EndProject
Project("{FAE04EC0-301F-11D3-BF4B-00C04F79EFBC}") = "Sales.iOS", "Sales\Sales.iOS\Sales.iOS.csproj", "{995CBAD5-7923-4A7F-8DED-34F30D813CA1}"
EndProject
Project("{FAE04EC0-301F-11D3-BF4B-00C04F79EFBC}") = "Sales.UWP", "Sales\Sales.UWP\Sales.UWP.csproj", "{8FBD0149-92C3-4BFA-A853-3357B56972BA}"
EndProject
Project("{9A19103F-16F7-4668-BE54-9A1E7A4F7556}") = "Sales", "Sales\Sales\Sales.csproj", "{0C26D317-AE65-4C52-A2EA-8321F76CDD9B}"
EndProject
Project("{FAE04EC0-301F-11D3-BF4B-00C04F79EFBC}") = "Sales.Backend", "Sales.Backend\Sales.Backend.csproj", "{6AD79469-357B-4D7D-9E86-BD3085B7BE72}"
EndProject
Project("{FAE04EC0-301F-11D3-BF4B-00C04F79EFBC}") = "Sales.API", "Sales.API\Sales.API.csproj", "{7274EEC8-F59D-4E52-A5EB-CF51E18674B8}"
EndProject
Project("{FAE04EC0-301F-11D3-BF4B-00C04F79EFBC}") = "Sales.Domain", "Sales.Domain\Sales.Domain.csproj", "{EB46802E-2700-4579-962D-ACC50C3D48DC}"
EndProject
Project("{FAE04EC0-301F-11D3-BF4B-00C04F79EFBC}") = "Sales.Common", "Sales.Common\Sales.Common.csproj", "{43EC3252-968C-4FCB-B924-A2CEB5F7C141}"
EndProject
Global
	GlobalSection(SolutionConfigurationPlatforms) = preSolution
		Ad-Hoc|Any CPU = Ad-Hoc|Any CPU
		Ad-Hoc|ARM = Ad-Hoc|ARM
		Ad-Hoc|iPhone = Ad-Hoc|iPhone
		Ad-Hoc|iPhoneSimulator = Ad-Hoc|iPhoneSimulator
		Ad-Hoc|x64 = Ad-Hoc|x64
		Ad-Hoc|x86 = Ad-Hoc|x86
		AppStore|Any CPU = AppStore|Any CPU
		AppStore|ARM = AppStore|ARM
		AppStore|iPhone = AppStore|iPhone
		AppStore|iPhoneSimulator = AppStore|iPhoneSimulator
		AppStore|x64 = AppStore|x64
		AppStore|x86 = AppStore|x86
		Debug|Any CPU = Debug|Any CPU
		Debug|ARM = Debug|ARM
		Debug|iPhone = Debug|iPhone
		Debug|iPhoneSimulator = Debug|iPhoneSimulator
		Debug|x64 = Debug|x64
		Debug|x86 = Debug|x86
		Release|Any CPU = Release|Any CPU
		Release|ARM = Release|ARM
		Release|iPhone = Release|iPhone
		Release|iPhoneSimulator = Release|iPhoneSimulator
		Release|x64 = Release|x64
		Release|x86 = Release|x86
	EndGlobalSection
	GlobalSection(ProjectConfigurationPlatforms) = postSolution
		{7B101187-ADB0-4A86-AC58-6820D81F326D}.Ad-Hoc|Any CPU.ActiveCfg = Release|Any CPU
		{7B101187-ADB0-4A86-AC58-6820D81F326D}.Ad-Hoc|Any CPU.Build.0 = Release|Any CPU
		{7B101187-ADB0-4A86-AC58-6820D81F326D}.Ad-Hoc|Any CPU.Deploy.0 = Release|Any CPU
		{7B101187-ADB0-4A86-AC58-6820D81F326D}.Ad-Hoc|ARM.ActiveCfg = Release|Any CPU
		{7B101187-ADB0-4A86-AC58-6820D81F326D}.Ad-Hoc|ARM.Build.0 = Release|Any CPU
		{7B101187-ADB0-4A86-AC58-6820D81F326D}.Ad-Hoc|ARM.Deploy.0 = Release|Any CPU
		{7B101187-ADB0-4A86-AC58-6820D81F326D}.Ad-Hoc|iPhone.ActiveCfg = Release|Any CPU
		{7B101187-ADB0-4A86-AC58-6820D81F326D}.Ad-Hoc|iPhone.Build.0 = Release|Any CPU
		{7B101187-ADB0-4A86-AC58-6820D81F326D}.Ad-Hoc|iPhone.Deploy.0 = Release|Any CPU
		{7B101187-ADB0-4A86-AC58-6820D81F326D}.Ad-Hoc|iPhoneSimulator.ActiveCfg = Release|Any CPU
		{7B101187-ADB0-4A86-AC58-6820D81F326D}.Ad-Hoc|iPhoneSimulator.Build.0 = Release|Any CPU
		{7B101187-ADB0-4A86-AC58-6820D81F326D}.Ad-Hoc|iPhoneSimulator.Deploy.0 = Release|Any CPU
		{7B101187-ADB0-4A86-AC58-6820D81F326D}.Ad-Hoc|x64.ActiveCfg = Release|Any CPU
		{7B101187-ADB0-4A86-AC58-6820D81F326D}.Ad-Hoc|x64.Build.0 = Release|Any CPU
		{7B101187-ADB0-4A86-AC58-6820D81F326D}.Ad-Hoc|x64.Deploy.0 = Release|Any CPU
		{7B101187-ADB0-4A86-AC58-6820D81F326D}.Ad-Hoc|x86.ActiveCfg = Release|Any CPU
		{7B101187-ADB0-4A86-AC58-6820D81F326D}.Ad-Hoc|x86.Build.0 = Release|Any CPU
		{7B101187-ADB0-4A86-AC58-6820D81F326D}.Ad-Hoc|x86.Deploy.0 = Release|Any CPU
		{7B101187-ADB0-4A86-AC58-6820D81F326D}.AppStore|Any CPU.ActiveCfg = Release|Any CPU
		{7B101187-ADB0-4A86-AC58-6820D81F326D}.AppStore|Any CPU.Build.0 = Release|Any CPU
		{7B101187-ADB0-4A86-AC58-6820D81F326D}.AppStore|Any CPU.Deploy.0 = Release|Any CPU
		{7B101187-ADB0-4A86-AC58-6820D81F326D}.AppStore|ARM.ActiveCfg = Release|Any CPU
		{7B101187-ADB0-4A86-AC58-6820D81F326D}.AppStore|ARM.Build.0 = Release|Any CPU
		{7B101187-ADB0-4A86-AC58-6820D81F326D}.AppStore|ARM.Deploy.0 = Release|Any CPU
		{7B101187-ADB0-4A86-AC58-6820D81F326D}.AppStore|iPhone.ActiveCfg = Release|Any CPU
		{7B101187-ADB0-4A86-AC58-6820D81F326D}.AppStore|iPhone.Build.0 = Release|Any CPU
		{7B101187-ADB0-4A86-AC58-6820D81F326D}.AppStore|iPhone.Deploy.0 = Release|Any CPU
		{7B101187-ADB0-4A86-AC58-6820D81F326D}.AppStore|iPhoneSimulator.ActiveCfg = Release|Any CPU
		{7B101187-ADB0-4A86-AC58-6820D81F326D}.AppStore|iPhoneSimulator.Build.0 = Release|Any CPU
		{7B101187-ADB0-4A86-AC58-6820D81F326D}.AppStore|iPhoneSimulator.Deploy.0 = Release|Any CPU
		{7B101187-ADB0-4A86-AC58-6820D81F326D}.AppStore|x64.ActiveCfg = Release|Any CPU
		{7B101187-ADB0-4A86-AC58-6820D81F326D}.AppStore|x64.Build.0 = Release|Any CPU
		{7B101187-ADB0-4A86-AC58-6820D81F326D}.AppStore|x64.Deploy.0 = Release|Any CPU
		{7B101187-ADB0-4A86-AC58-6820D81F326D}.AppStore|x86.ActiveCfg = Release|Any CPU
		{7B101187-ADB0-4A86-AC58-6820D81F326D}.AppStore|x86.Build.0 = Release|Any CPU
		{7B101187-ADB0-4A86-AC58-6820D81F326D}.AppStore|x86.Deploy.0 = Release|Any CPU
		{7B101187-ADB0-4A86-AC58-6820D81F326D}.Debug|Any CPU.ActiveCfg = Debug|Any CPU
		{7B101187-ADB0-4A86-AC58-6820D81F326D}.Debug|Any CPU.Build.0 = Debug|Any CPU
		{7B101187-ADB0-4A86-AC58-6820D81F326D}.Debug|Any CPU.Deploy.0 = Debug|Any CPU
		{7B101187-ADB0-4A86-AC58-6820D81F326D}.Debug|ARM.ActiveCfg = Debug|Any CPU
		{7B101187-ADB0-4A86-AC58-6820D81F326D}.Debug|ARM.Build.0 = Debug|Any CPU
		{7B101187-ADB0-4A86-AC58-6820D81F326D}.Debug|ARM.Deploy.0 = Debug|Any CPU
		{7B101187-ADB0-4A86-AC58-6820D81F326D}.Debug|iPhone.ActiveCfg = Debug|Any CPU
		{7B101187-ADB0-4A86-AC58-6820D81F326D}.Debug|iPhone.Build.0 = Debug|Any CPU
		{7B101187-ADB0-4A86-AC58-6820D81F326D}.Debug|iPhone.Deploy.0 = Debug|Any CPU
		{7B101187-ADB0-4A86-AC58-6820D81F326D}.Debug|iPhoneSimulator.ActiveCfg = Debug|Any CPU
		{7B101187-ADB0-4A86-AC58-6820D81F326D}.Debug|iPhoneSimulator.Build.0 = Debug|Any CPU
		{7B101187-ADB0-4A86-AC58-6820D81F326D}.Debug|iPhoneSimulator.Deploy.0 = Debug|Any CPU
		{7B101187-ADB0-4A86-AC58-6820D81F326D}.Debug|x64.ActiveCfg = Debug|Any CPU
		{7B101187-ADB0-4A86-AC58-6820D81F326D}.Debug|x64.Build.0 = Debug|Any CPU
		{7B101187-ADB0-4A86-AC58-6820D81F326D}.Debug|x64.Deploy.0 = Debug|Any CPU
		{7B101187-ADB0-4A86-AC58-6820D81F326D}.Debug|x86.ActiveCfg = Debug|Any CPU
		{7B101187-ADB0-4A86-AC58-6820D81F326D}.Debug|x86.Build.0 = Debug|Any CPU
		{7B101187-ADB0-4A86-AC58-6820D81F326D}.Debug|x86.Deploy.0 = Debug|Any CPU
		{7B101187-ADB0-4A86-AC58-6820D81F326D}.Release|Any CPU.ActiveCfg = Release|Any CPU
		{7B101187-ADB0-4A86-AC58-6820D81F326D}.Release|Any CPU.Build.0 = Release|Any CPU
		{7B101187-ADB0-4A86-AC58-6820D81F326D}.Release|Any CPU.Deploy.0 = Release|Any CPU
		{7B101187-ADB0-4A86-AC58-6820D81F326D}.Release|ARM.ActiveCfg = Release|Any CPU
		{7B101187-ADB0-4A86-AC58-6820D81F326D}.Release|ARM.Build.0 = Release|Any CPU
		{7B101187-ADB0-4A86-AC58-6820D81F326D}.Release|ARM.Deploy.0 = Release|Any CPU
		{7B101187-ADB0-4A86-AC58-6820D81F326D}.Release|iPhone.ActiveCfg = Release|Any CPU
		{7B101187-ADB0-4A86-AC58-6820D81F326D}.Release|iPhone.Build.0 = Release|Any CPU
		{7B101187-ADB0-4A86-AC58-6820D81F326D}.Release|iPhone.Deploy.0 = Release|Any CPU
		{7B101187-ADB0-4A86-AC58-6820D81F326D}.Release|iPhoneSimulator.ActiveCfg = Release|Any CPU
		{7B101187-ADB0-4A86-AC58-6820D81F326D}.Release|iPhoneSimulator.Build.0 = Release|Any CPU
		{7B101187-ADB0-4A86-AC58-6820D81F326D}.Release|iPhoneSimulator.Deploy.0 = Release|Any CPU
		{7B101187-ADB0-4A86-AC58-6820D81F326D}.Release|x64.ActiveCfg = Release|Any CPU
		{7B101187-ADB0-4A86-AC58-6820D81F326D}.Release|x64.Build.0 = Release|Any CPU
		{7B101187-ADB0-4A86-AC58-6820D81F326D}.Release|x64.Deploy.0 = Release|Any CPU
		{7B101187-ADB0-4A86-AC58-6820D81F326D}.Release|x86.ActiveCfg = Release|Any CPU
		{7B101187-ADB0-4A86-AC58-6820D81F326D}.Release|x86.Build.0 = Release|Any CPU
		{7B101187-ADB0-4A86-AC58-6820D81F326D}.Release|x86.Deploy.0 = Release|Any CPU
		{995CBAD5-7923-4A7F-8DED-34F30D813CA1}.Ad-Hoc|Any CPU.ActiveCfg = Ad-Hoc|iPhone
		{995CBAD5-7923-4A7F-8DED-34F30D813CA1}.Ad-Hoc|Any CPU.Build.0 = Ad-Hoc|iPhone
		{995CBAD5-7923-4A7F-8DED-34F30D813CA1}.Ad-Hoc|Any CPU.Deploy.0 = Ad-Hoc|iPhone
		{995CBAD5-7923-4A7F-8DED-34F30D813CA1}.Ad-Hoc|ARM.ActiveCfg = Ad-Hoc|iPhone
		{995CBAD5-7923-4A7F-8DED-34F30D813CA1}.Ad-Hoc|ARM.Build.0 = Ad-Hoc|iPhone
		{995CBAD5-7923-4A7F-8DED-34F30D813CA1}.Ad-Hoc|ARM.Deploy.0 = Ad-Hoc|iPhone
		{995CBAD5-7923-4A7F-8DED-34F30D813CA1}.Ad-Hoc|iPhone.ActiveCfg = Ad-Hoc|iPhone
		{995CBAD5-7923-4A7F-8DED-34F30D813CA1}.Ad-Hoc|iPhone.Build.0 = Ad-Hoc|iPhone
		{995CBAD5-7923-4A7F-8DED-34F30D813CA1}.Ad-Hoc|iPhone.Deploy.0 = Ad-Hoc|iPhone
		{995CBAD5-7923-4A7F-8DED-34F30D813CA1}.Ad-Hoc|iPhoneSimulator.ActiveCfg = Ad-Hoc|iPhoneSimulator
		{995CBAD5-7923-4A7F-8DED-34F30D813CA1}.Ad-Hoc|iPhoneSimulator.Build.0 = Ad-Hoc|iPhoneSimulator
		{995CBAD5-7923-4A7F-8DED-34F30D813CA1}.Ad-Hoc|iPhoneSimulator.Deploy.0 = Ad-Hoc|iPhoneSimulator
		{995CBAD5-7923-4A7F-8DED-34F30D813CA1}.Ad-Hoc|x64.ActiveCfg = Ad-Hoc|iPhone
		{995CBAD5-7923-4A7F-8DED-34F30D813CA1}.Ad-Hoc|x64.Build.0 = Ad-Hoc|iPhone
		{995CBAD5-7923-4A7F-8DED-34F30D813CA1}.Ad-Hoc|x64.Deploy.0 = Ad-Hoc|iPhone
		{995CBAD5-7923-4A7F-8DED-34F30D813CA1}.Ad-Hoc|x86.ActiveCfg = Ad-Hoc|iPhone
		{995CBAD5-7923-4A7F-8DED-34F30D813CA1}.Ad-Hoc|x86.Build.0 = Ad-Hoc|iPhone
		{995CBAD5-7923-4A7F-8DED-34F30D813CA1}.Ad-Hoc|x86.Deploy.0 = Ad-Hoc|iPhone
		{995CBAD5-7923-4A7F-8DED-34F30D813CA1}.AppStore|Any CPU.ActiveCfg = AppStore|iPhone
		{995CBAD5-7923-4A7F-8DED-34F30D813CA1}.AppStore|Any CPU.Build.0 = AppStore|iPhone
		{995CBAD5-7923-4A7F-8DED-34F30D813CA1}.AppStore|Any CPU.Deploy.0 = AppStore|iPhone
		{995CBAD5-7923-4A7F-8DED-34F30D813CA1}.AppStore|ARM.ActiveCfg = AppStore|iPhone
		{995CBAD5-7923-4A7F-8DED-34F30D813CA1}.AppStore|ARM.Build.0 = AppStore|iPhone
		{995CBAD5-7923-4A7F-8DED-34F30D813CA1}.AppStore|ARM.Deploy.0 = AppStore|iPhone
		{995CBAD5-7923-4A7F-8DED-34F30D813CA1}.AppStore|iPhone.ActiveCfg = AppStore|iPhone
		{995CBAD5-7923-4A7F-8DED-34F30D813CA1}.AppStore|iPhone.Build.0 = AppStore|iPhone
		{995CBAD5-7923-4A7F-8DED-34F30D813CA1}.AppStore|iPhone.Deploy.0 = AppStore|iPhone
		{995CBAD5-7923-4A7F-8DED-34F30D813CA1}.AppStore|iPhoneSimulator.ActiveCfg = AppStore|iPhoneSimulator
		{995CBAD5-7923-4A7F-8DED-34F30D813CA1}.AppStore|iPhoneSimulator.Build.0 = AppStore|iPhoneSimulator
		{995CBAD5-7923-4A7F-8DED-34F30D813CA1}.AppStore|iPhoneSimulator.Deploy.0 = AppStore|iPhoneSimulator
		{995CBAD5-7923-4A7F-8DED-34F30D813CA1}.AppStore|x64.ActiveCfg = AppStore|iPhone
		{995CBAD5-7923-4A7F-8DED-34F30D813CA1}.AppStore|x64.Build.0 = AppStore|iPhone
		{995CBAD5-7923-4A7F-8DED-34F30D813CA1}.AppStore|x64.Deploy.0 = AppStore|iPhone
		{995CBAD5-7923-4A7F-8DED-34F30D813CA1}.AppStore|x86.ActiveCfg = AppStore|iPhone
		{995CBAD5-7923-4A7F-8DED-34F30D813CA1}.AppStore|x86.Build.0 = AppStore|iPhone
		{995CBAD5-7923-4A7F-8DED-34F30D813CA1}.AppStore|x86.Deploy.0 = AppStore|iPhone
		{995CBAD5-7923-4A7F-8DED-34F30D813CA1}.Debug|Any CPU.ActiveCfg = Debug|iPhoneSimulator
		{995CBAD5-7923-4A7F-8DED-34F30D813CA1}.Debug|Any CPU.Build.0 = Debug|iPhoneSimulator
		{995CBAD5-7923-4A7F-8DED-34F30D813CA1}.Debug|Any CPU.Deploy.0 = Debug|iPhoneSimulator
		{995CBAD5-7923-4A7F-8DED-34F30D813CA1}.Debug|ARM.ActiveCfg = Debug|iPhone
		{995CBAD5-7923-4A7F-8DED-34F30D813CA1}.Debug|ARM.Build.0 = Debug|iPhone
		{995CBAD5-7923-4A7F-8DED-34F30D813CA1}.Debug|ARM.Deploy.0 = Debug|iPhone
		{995CBAD5-7923-4A7F-8DED-34F30D813CA1}.Debug|iPhone.ActiveCfg = Debug|iPhone
		{995CBAD5-7923-4A7F-8DED-34F30D813CA1}.Debug|iPhone.Build.0 = Debug|iPhone
		{995CBAD5-7923-4A7F-8DED-34F30D813CA1}.Debug|iPhone.Deploy.0 = Debug|iPhone
		{995CBAD5-7923-4A7F-8DED-34F30D813CA1}.Debug|iPhoneSimulator.ActiveCfg = Debug|iPhoneSimulator
		{995CBAD5-7923-4A7F-8DED-34F30D813CA1}.Debug|iPhoneSimulator.Build.0 = Debug|iPhoneSimulator
		{995CBAD5-7923-4A7F-8DED-34F30D813CA1}.Debug|iPhoneSimulator.Deploy.0 = Debug|iPhoneSimulator
		{995CBAD5-7923-4A7F-8DED-34F30D813CA1}.Debug|x64.ActiveCfg = Debug|iPhone
		{995CBAD5-7923-4A7F-8DED-34F30D813CA1}.Debug|x64.Build.0 = Debug|iPhone
		{995CBAD5-7923-4A7F-8DED-34F30D813CA1}.Debug|x64.Deploy.0 = Debug|iPhone
		{995CBAD5-7923-4A7F-8DED-34F30D813CA1}.Debug|x86.ActiveCfg = Debug|iPhone
		{995CBAD5-7923-4A7F-8DED-34F30D813CA1}.Debug|x86.Build.0 = Debug|iPhone
		{995CBAD5-7923-4A7F-8DED-34F30D813CA1}.Debug|x86.Deploy.0 = Debug|iPhone
		{995CBAD5-7923-4A7F-8DED-34F30D813CA1}.Release|Any CPU.ActiveCfg = Release|iPhone
		{995CBAD5-7923-4A7F-8DED-34F30D813CA1}.Release|Any CPU.Build.0 = Release|iPhone
		{995CBAD5-7923-4A7F-8DED-34F30D813CA1}.Release|Any CPU.Deploy.0 = Release|iPhone
		{995CBAD5-7923-4A7F-8DED-34F30D813CA1}.Release|ARM.ActiveCfg = Release|iPhone
		{995CBAD5-7923-4A7F-8DED-34F30D813CA1}.Release|ARM.Build.0 = Release|iPhone
		{995CBAD5-7923-4A7F-8DED-34F30D813CA1}.Release|ARM.Deploy.0 = Release|iPhone
		{995CBAD5-7923-4A7F-8DED-34F30D813CA1}.Release|iPhone.ActiveCfg = Release|iPhone
		{995CBAD5-7923-4A7F-8DED-34F30D813CA1}.Release|iPhone.Build.0 = Release|iPhone
		{995CBAD5-7923-4A7F-8DED-34F30D813CA1}.Release|iPhone.Deploy.0 = Release|iPhone
		{995CBAD5-7923-4A7F-8DED-34F30D813CA1}.Release|iPhoneSimulator.ActiveCfg = Release|iPhoneSimulator
		{995CBAD5-7923-4A7F-8DED-34F30D813CA1}.Release|iPhoneSimulator.Build.0 = Release|iPhoneSimulator
		{995CBAD5-7923-4A7F-8DED-34F30D813CA1}.Release|iPhoneSimulator.Deploy.0 = Release|iPhoneSimulator
		{995CBAD5-7923-4A7F-8DED-34F30D813CA1}.Release|x64.ActiveCfg = Release|iPhone
		{995CBAD5-7923-4A7F-8DED-34F30D813CA1}.Release|x64.Build.0 = Release|iPhone
		{995CBAD5-7923-4A7F-8DED-34F30D813CA1}.Release|x64.Deploy.0 = Release|iPhone
		{995CBAD5-7923-4A7F-8DED-34F30D813CA1}.Release|x86.ActiveCfg = Release|iPhone
		{995CBAD5-7923-4A7F-8DED-34F30D813CA1}.Release|x86.Build.0 = Release|iPhone
		{995CBAD5-7923-4A7F-8DED-34F30D813CA1}.Release|x86.Deploy.0 = Release|iPhone
		{8FBD0149-92C3-4BFA-A853-3357B56972BA}.Ad-Hoc|Any CPU.ActiveCfg = Release|x86
		{8FBD0149-92C3-4BFA-A853-3357B56972BA}.Ad-Hoc|Any CPU.Build.0 = Release|x86
		{8FBD0149-92C3-4BFA-A853-3357B56972BA}.Ad-Hoc|Any CPU.Deploy.0 = Release|x86
		{8FBD0149-92C3-4BFA-A853-3357B56972BA}.Ad-Hoc|ARM.ActiveCfg = Release|ARM
		{8FBD0149-92C3-4BFA-A853-3357B56972BA}.Ad-Hoc|ARM.Build.0 = Release|ARM
		{8FBD0149-92C3-4BFA-A853-3357B56972BA}.Ad-Hoc|ARM.Deploy.0 = Release|ARM
		{8FBD0149-92C3-4BFA-A853-3357B56972BA}.Ad-Hoc|iPhone.ActiveCfg = Release|x86
		{8FBD0149-92C3-4BFA-A853-3357B56972BA}.Ad-Hoc|iPhone.Build.0 = Release|x86
		{8FBD0149-92C3-4BFA-A853-3357B56972BA}.Ad-Hoc|iPhone.Deploy.0 = Release|x86
		{8FBD0149-92C3-4BFA-A853-3357B56972BA}.Ad-Hoc|iPhoneSimulator.ActiveCfg = Release|x86
		{8FBD0149-92C3-4BFA-A853-3357B56972BA}.Ad-Hoc|iPhoneSimulator.Build.0 = Release|x86
		{8FBD0149-92C3-4BFA-A853-3357B56972BA}.Ad-Hoc|iPhoneSimulator.Deploy.0 = Release|x86
		{8FBD0149-92C3-4BFA-A853-3357B56972BA}.Ad-Hoc|x64.ActiveCfg = Release|x64
		{8FBD0149-92C3-4BFA-A853-3357B56972BA}.Ad-Hoc|x64.Build.0 = Release|x64
		{8FBD0149-92C3-4BFA-A853-3357B56972BA}.Ad-Hoc|x64.Deploy.0 = Release|x64
		{8FBD0149-92C3-4BFA-A853-3357B56972BA}.Ad-Hoc|x86.ActiveCfg = Release|x86
		{8FBD0149-92C3-4BFA-A853-3357B56972BA}.Ad-Hoc|x86.Build.0 = Release|x86
		{8FBD0149-92C3-4BFA-A853-3357B56972BA}.Ad-Hoc|x86.Deploy.0 = Release|x86
		{8FBD0149-92C3-4BFA-A853-3357B56972BA}.AppStore|Any CPU.ActiveCfg = Release|x86
		{8FBD0149-92C3-4BFA-A853-3357B56972BA}.AppStore|Any CPU.Build.0 = Release|x86
		{8FBD0149-92C3-4BFA-A853-3357B56972BA}.AppStore|Any CPU.Deploy.0 = Release|x86
		{8FBD0149-92C3-4BFA-A853-3357B56972BA}.AppStore|ARM.ActiveCfg = Release|ARM
		{8FBD0149-92C3-4BFA-A853-3357B56972BA}.AppStore|ARM.Build.0 = Release|ARM
		{8FBD0149-92C3-4BFA-A853-3357B56972BA}.AppStore|ARM.Deploy.0 = Release|ARM
		{8FBD0149-92C3-4BFA-A853-3357B56972BA}.AppStore|iPhone.ActiveCfg = Release|x86
		{8FBD0149-92C3-4BFA-A853-3357B56972BA}.AppStore|iPhone.Build.0 = Release|x86
		{8FBD0149-92C3-4BFA-A853-3357B56972BA}.AppStore|iPhone.Deploy.0 = Release|x86
		{8FBD0149-92C3-4BFA-A853-3357B56972BA}.AppStore|iPhoneSimulator.ActiveCfg = Release|x86
		{8FBD0149-92C3-4BFA-A853-3357B56972BA}.AppStore|iPhoneSimulator.Build.0 = Release|x86
		{8FBD0149-92C3-4BFA-A853-3357B56972BA}.AppStore|iPhoneSimulator.Deploy.0 = Release|x86
		{8FBD0149-92C3-4BFA-A853-3357B56972BA}.AppStore|x64.ActiveCfg = Release|x64
		{8FBD0149-92C3-4BFA-A853-3357B56972BA}.AppStore|x64.Build.0 = Release|x64
		{8FBD0149-92C3-4BFA-A853-3357B56972BA}.AppStore|x64.Deploy.0 = Release|x64
		{8FBD0149-92C3-4BFA-A853-3357B56972BA}.AppStore|x86.ActiveCfg = Release|x86
		{8FBD0149-92C3-4BFA-A853-3357B56972BA}.AppStore|x86.Build.0 = Release|x86
		{8FBD0149-92C3-4BFA-A853-3357B56972BA}.AppStore|x86.Deploy.0 = Release|x86
		{8FBD0149-92C3-4BFA-A853-3357B56972BA}.Debug|Any CPU.ActiveCfg = Debug|x86
		{8FBD0149-92C3-4BFA-A853-3357B56972BA}.Debug|Any CPU.Build.0 = Debug|x86
		{8FBD0149-92C3-4BFA-A853-3357B56972BA}.Debug|Any CPU.Deploy.0 = Debug|x86
		{8FBD0149-92C3-4BFA-A853-3357B56972BA}.Debug|ARM.ActiveCfg = Debug|ARM
		{8FBD0149-92C3-4BFA-A853-3357B56972BA}.Debug|ARM.Build.0 = Debug|ARM
		{8FBD0149-92C3-4BFA-A853-3357B56972BA}.Debug|ARM.Deploy.0 = Debug|ARM
		{8FBD0149-92C3-4BFA-A853-3357B56972BA}.Debug|iPhone.ActiveCfg = Debug|x86
		{8FBD0149-92C3-4BFA-A853-3357B56972BA}.Debug|iPhone.Build.0 = Debug|x86
		{8FBD0149-92C3-4BFA-A853-3357B56972BA}.Debug|iPhone.Deploy.0 = Debug|x86
		{8FBD0149-92C3-4BFA-A853-3357B56972BA}.Debug|iPhoneSimulator.ActiveCfg = Debug|x86
		{8FBD0149-92C3-4BFA-A853-3357B56972BA}.Debug|iPhoneSimulator.Build.0 = Debug|x86
		{8FBD0149-92C3-4BFA-A853-3357B56972BA}.Debug|iPhoneSimulator.Deploy.0 = Debug|x86
		{8FBD0149-92C3-4BFA-A853-3357B56972BA}.Debug|x64.ActiveCfg = Debug|x64
		{8FBD0149-92C3-4BFA-A853-3357B56972BA}.Debug|x64.Build.0 = Debug|x64
		{8FBD0149-92C3-4BFA-A853-3357B56972BA}.Debug|x64.Deploy.0 = Debug|x64
		{8FBD0149-92C3-4BFA-A853-3357B56972BA}.Debug|x86.ActiveCfg = Debug|x86
		{8FBD0149-92C3-4BFA-A853-3357B56972BA}.Debug|x86.Build.0 = Debug|x86
		{8FBD0149-92C3-4BFA-A853-3357B56972BA}.Debug|x86.Deploy.0 = Debug|x86
		{8FBD0149-92C3-4BFA-A853-3357B56972BA}.Release|Any CPU.ActiveCfg = Release|x86
		{8FBD0149-92C3-4BFA-A853-3357B56972BA}.Release|Any CPU.Build.0 = Release|x86
		{8FBD0149-92C3-4BFA-A853-3357B56972BA}.Release|Any CPU.Deploy.0 = Release|x86
		{8FBD0149-92C3-4BFA-A853-3357B56972BA}.Release|ARM.ActiveCfg = Release|ARM
		{8FBD0149-92C3-4BFA-A853-3357B56972BA}.Release|ARM.Build.0 = Release|ARM
		{8FBD0149-92C3-4BFA-A853-3357B56972BA}.Release|ARM.Deploy.0 = Release|ARM
		{8FBD0149-92C3-4BFA-A853-3357B56972BA}.Release|iPhone.ActiveCfg = Release|x86
		{8FBD0149-92C3-4BFA-A853-3357B56972BA}.Release|iPhone.Build.0 = Release|x86
		{8FBD0149-92C3-4BFA-A853-3357B56972BA}.Release|iPhone.Deploy.0 = Release|x86
		{8FBD0149-92C3-4BFA-A853-3357B56972BA}.Release|iPhoneSimulator.ActiveCfg = Release|x86
		{8FBD0149-92C3-4BFA-A853-3357B56972BA}.Release|iPhoneSimulator.Build.0 = Release|x86
		{8FBD0149-92C3-4BFA-A853-3357B56972BA}.Release|iPhoneSimulator.Deploy.0 = Release|x86
		{8FBD0149-92C3-4BFA-A853-3357B56972BA}.Release|x64.ActiveCfg = Release|x64
		{8FBD0149-92C3-4BFA-A853-3357B56972BA}.Release|x64.Build.0 = Release|x64
		{8FBD0149-92C3-4BFA-A853-3357B56972BA}.Release|x64.Deploy.0 = Release|x64
		{8FBD0149-92C3-4BFA-A853-3357B56972BA}.Release|x86.ActiveCfg = Release|x86
		{8FBD0149-92C3-4BFA-A853-3357B56972BA}.Release|x86.Build.0 = Release|x86
		{8FBD0149-92C3-4BFA-A853-3357B56972BA}.Release|x86.Deploy.0 = Release|x86
		{0C26D317-AE65-4C52-A2EA-8321F76CDD9B}.Ad-Hoc|Any CPU.ActiveCfg = Debug|Any CPU
		{0C26D317-AE65-4C52-A2EA-8321F76CDD9B}.Ad-Hoc|Any CPU.Build.0 = Debug|Any CPU
		{0C26D317-AE65-4C52-A2EA-8321F76CDD9B}.Ad-Hoc|Any CPU.Deploy.0 = Debug|Any CPU
		{0C26D317-AE65-4C52-A2EA-8321F76CDD9B}.Ad-Hoc|ARM.ActiveCfg = Debug|Any CPU
		{0C26D317-AE65-4C52-A2EA-8321F76CDD9B}.Ad-Hoc|ARM.Build.0 = Debug|Any CPU
		{0C26D317-AE65-4C52-A2EA-8321F76CDD9B}.Ad-Hoc|ARM.Deploy.0 = Debug|Any CPU
		{0C26D317-AE65-4C52-A2EA-8321F76CDD9B}.Ad-Hoc|iPhone.ActiveCfg = Debug|Any CPU
		{0C26D317-AE65-4C52-A2EA-8321F76CDD9B}.Ad-Hoc|iPhone.Build.0 = Debug|Any CPU
		{0C26D317-AE65-4C52-A2EA-8321F76CDD9B}.Ad-Hoc|iPhone.Deploy.0 = Debug|Any CPU
		{0C26D317-AE65-4C52-A2EA-8321F76CDD9B}.Ad-Hoc|iPhoneSimulator.ActiveCfg = Debug|Any CPU
		{0C26D317-AE65-4C52-A2EA-8321F76CDD9B}.Ad-Hoc|iPhoneSimulator.Build.0 = Debug|Any CPU
		{0C26D317-AE65-4C52-A2EA-8321F76CDD9B}.Ad-Hoc|iPhoneSimulator.Deploy.0 = Debug|Any CPU
		{0C26D317-AE65-4C52-A2EA-8321F76CDD9B}.Ad-Hoc|x64.ActiveCfg = Debug|Any CPU
		{0C26D317-AE65-4C52-A2EA-8321F76CDD9B}.Ad-Hoc|x64.Build.0 = Debug|Any CPU
		{0C26D317-AE65-4C52-A2EA-8321F76CDD9B}.Ad-Hoc|x64.Deploy.0 = Debug|Any CPU
		{0C26D317-AE65-4C52-A2EA-8321F76CDD9B}.Ad-Hoc|x86.ActiveCfg = Debug|Any CPU
		{0C26D317-AE65-4C52-A2EA-8321F76CDD9B}.Ad-Hoc|x86.Build.0 = Debug|Any CPU
		{0C26D317-AE65-4C52-A2EA-8321F76CDD9B}.Ad-Hoc|x86.Deploy.0 = Debug|Any CPU
		{0C26D317-AE65-4C52-A2EA-8321F76CDD9B}.AppStore|Any CPU.ActiveCfg = Debug|Any CPU
		{0C26D317-AE65-4C52-A2EA-8321F76CDD9B}.AppStore|Any CPU.Build.0 = Debug|Any CPU
		{0C26D317-AE65-4C52-A2EA-8321F76CDD9B}.AppStore|Any CPU.Deploy.0 = Debug|Any CPU
		{0C26D317-AE65-4C52-A2EA-8321F76CDD9B}.AppStore|ARM.ActiveCfg = Debug|Any CPU
		{0C26D317-AE65-4C52-A2EA-8321F76CDD9B}.AppStore|ARM.Build.0 = Debug|Any CPU
		{0C26D317-AE65-4C52-A2EA-8321F76CDD9B}.AppStore|ARM.Deploy.0 = Debug|Any CPU
		{0C26D317-AE65-4C52-A2EA-8321F76CDD9B}.AppStore|iPhone.ActiveCfg = Debug|Any CPU
		{0C26D317-AE65-4C52-A2EA-8321F76CDD9B}.AppStore|iPhone.Build.0 = Debug|Any CPU
		{0C26D317-AE65-4C52-A2EA-8321F76CDD9B}.AppStore|iPhone.Deploy.0 = Debug|Any CPU
		{0C26D317-AE65-4C52-A2EA-8321F76CDD9B}.AppStore|iPhoneSimulator.ActiveCfg = Debug|Any CPU
		{0C26D317-AE65-4C52-A2EA-8321F76CDD9B}.AppStore|iPhoneSimulator.Build.0 = Debug|Any CPU
		{0C26D317-AE65-4C52-A2EA-8321F76CDD9B}.AppStore|iPhoneSimulator.Deploy.0 = Debug|Any CPU
		{0C26D317-AE65-4C52-A2EA-8321F76CDD9B}.AppStore|x64.ActiveCfg = Debug|Any CPU
		{0C26D317-AE65-4C52-A2EA-8321F76CDD9B}.AppStore|x64.Build.0 = Debug|Any CPU
		{0C26D317-AE65-4C52-A2EA-8321F76CDD9B}.AppStore|x64.Deploy.0 = Debug|Any CPU
		{0C26D317-AE65-4C52-A2EA-8321F76CDD9B}.AppStore|x86.ActiveCfg = Debug|Any CPU
		{0C26D317-AE65-4C52-A2EA-8321F76CDD9B}.AppStore|x86.Build.0 = Debug|Any CPU
		{0C26D317-AE65-4C52-A2EA-8321F76CDD9B}.AppStore|x86.Deploy.0 = Debug|Any CPU
		{0C26D317-AE65-4C52-A2EA-8321F76CDD9B}.Debug|Any CPU.ActiveCfg = Debug|Any CPU
		{0C26D317-AE65-4C52-A2EA-8321F76CDD9B}.Debug|Any CPU.Build.0 = Debug|Any CPU
		{0C26D317-AE65-4C52-A2EA-8321F76CDD9B}.Debug|Any CPU.Deploy.0 = Debug|Any CPU
		{0C26D317-AE65-4C52-A2EA-8321F76CDD9B}.Debug|ARM.ActiveCfg = Debug|Any CPU
		{0C26D317-AE65-4C52-A2EA-8321F76CDD9B}.Debug|ARM.Build.0 = Debug|Any CPU
		{0C26D317-AE65-4C52-A2EA-8321F76CDD9B}.Debug|ARM.Deploy.0 = Debug|Any CPU
		{0C26D317-AE65-4C52-A2EA-8321F76CDD9B}.Debug|iPhone.ActiveCfg = Debug|Any CPU
		{0C26D317-AE65-4C52-A2EA-8321F76CDD9B}.Debug|iPhone.Build.0 = Debug|Any CPU
		{0C26D317-AE65-4C52-A2EA-8321F76CDD9B}.Debug|iPhone.Deploy.0 = Debug|Any CPU
		{0C26D317-AE65-4C52-A2EA-8321F76CDD9B}.Debug|iPhoneSimulator.ActiveCfg = Debug|Any CPU
		{0C26D317-AE65-4C52-A2EA-8321F76CDD9B}.Debug|iPhoneSimulator.Build.0 = Debug|Any CPU
		{0C26D317-AE65-4C52-A2EA-8321F76CDD9B}.Debug|iPhoneSimulator.Deploy.0 = Debug|Any CPU
		{0C26D317-AE65-4C52-A2EA-8321F76CDD9B}.Debug|x64.ActiveCfg = Debug|Any CPU
		{0C26D317-AE65-4C52-A2EA-8321F76CDD9B}.Debug|x64.Build.0 = Debug|Any CPU
		{0C26D317-AE65-4C52-A2EA-8321F76CDD9B}.Debug|x64.Deploy.0 = Debug|Any CPU
		{0C26D317-AE65-4C52-A2EA-8321F76CDD9B}.Debug|x86.ActiveCfg = Debug|Any CPU
		{0C26D317-AE65-4C52-A2EA-8321F76CDD9B}.Debug|x86.Build.0 = Debug|Any CPU
		{0C26D317-AE65-4C52-A2EA-8321F76CDD9B}.Debug|x86.Deploy.0 = Debug|Any CPU
		{0C26D317-AE65-4C52-A2EA-8321F76CDD9B}.Release|Any CPU.ActiveCfg = Release|Any CPU
		{0C26D317-AE65-4C52-A2EA-8321F76CDD9B}.Release|Any CPU.Build.0 = Release|Any CPU
		{0C26D317-AE65-4C52-A2EA-8321F76CDD9B}.Release|Any CPU.Deploy.0 = Release|Any CPU
		{0C26D317-AE65-4C52-A2EA-8321F76CDD9B}.Release|ARM.ActiveCfg = Release|Any CPU
		{0C26D317-AE65-4C52-A2EA-8321F76CDD9B}.Release|ARM.Build.0 = Release|Any CPU
		{0C26D317-AE65-4C52-A2EA-8321F76CDD9B}.Release|ARM.Deploy.0 = Release|Any CPU
		{0C26D317-AE65-4C52-A2EA-8321F76CDD9B}.Release|iPhone.ActiveCfg = Release|Any CPU
		{0C26D317-AE65-4C52-A2EA-8321F76CDD9B}.Release|iPhone.Build.0 = Release|Any CPU
		{0C26D317-AE65-4C52-A2EA-8321F76CDD9B}.Release|iPhone.Deploy.0 = Release|Any CPU
		{0C26D317-AE65-4C52-A2EA-8321F76CDD9B}.Release|iPhoneSimulator.ActiveCfg = Release|Any CPU
		{0C26D317-AE65-4C52-A2EA-8321F76CDD9B}.Release|iPhoneSimulator.Build.0 = Release|Any CPU
		{0C26D317-AE65-4C52-A2EA-8321F76CDD9B}.Release|iPhoneSimulator.Deploy.0 = Release|Any CPU
		{0C26D317-AE65-4C52-A2EA-8321F76CDD9B}.Release|x64.ActiveCfg = Release|Any CPU
		{0C26D317-AE65-4C52-A2EA-8321F76CDD9B}.Release|x64.Build.0 = Release|Any CPU
		{0C26D317-AE65-4C52-A2EA-8321F76CDD9B}.Release|x64.Deploy.0 = Release|Any CPU
		{0C26D317-AE65-4C52-A2EA-8321F76CDD9B}.Release|x86.ActiveCfg = Release|Any CPU
		{0C26D317-AE65-4C52-A2EA-8321F76CDD9B}.Release|x86.Build.0 = Release|Any CPU
		{0C26D317-AE65-4C52-A2EA-8321F76CDD9B}.Release|x86.Deploy.0 = Release|Any CPU
		{6AD79469-357B-4D7D-9E86-BD3085B7BE72}.Ad-Hoc|Any CPU.ActiveCfg = Release|Any CPU
		{6AD79469-357B-4D7D-9E86-BD3085B7BE72}.Ad-Hoc|Any CPU.Build.0 = Release|Any CPU
		{6AD79469-357B-4D7D-9E86-BD3085B7BE72}.Ad-Hoc|ARM.ActiveCfg = Release|Any CPU
		{6AD79469-357B-4D7D-9E86-BD3085B7BE72}.Ad-Hoc|ARM.Build.0 = Release|Any CPU
		{6AD79469-357B-4D7D-9E86-BD3085B7BE72}.Ad-Hoc|iPhone.ActiveCfg = Release|Any CPU
		{6AD79469-357B-4D7D-9E86-BD3085B7BE72}.Ad-Hoc|iPhone.Build.0 = Release|Any CPU
		{6AD79469-357B-4D7D-9E86-BD3085B7BE72}.Ad-Hoc|iPhoneSimulator.ActiveCfg = Release|Any CPU
		{6AD79469-357B-4D7D-9E86-BD3085B7BE72}.Ad-Hoc|iPhoneSimulator.Build.0 = Release|Any CPU
		{6AD79469-357B-4D7D-9E86-BD3085B7BE72}.Ad-Hoc|x64.ActiveCfg = Release|Any CPU
		{6AD79469-357B-4D7D-9E86-BD3085B7BE72}.Ad-Hoc|x64.Build.0 = Release|Any CPU
		{6AD79469-357B-4D7D-9E86-BD3085B7BE72}.Ad-Hoc|x86.ActiveCfg = Release|Any CPU
		{6AD79469-357B-4D7D-9E86-BD3085B7BE72}.Ad-Hoc|x86.Build.0 = Release|Any CPU
		{6AD79469-357B-4D7D-9E86-BD3085B7BE72}.AppStore|Any CPU.ActiveCfg = Release|Any CPU
		{6AD79469-357B-4D7D-9E86-BD3085B7BE72}.AppStore|Any CPU.Build.0 = Release|Any CPU
		{6AD79469-357B-4D7D-9E86-BD3085B7BE72}.AppStore|ARM.ActiveCfg = Release|Any CPU
		{6AD79469-357B-4D7D-9E86-BD3085B7BE72}.AppStore|ARM.Build.0 = Release|Any CPU
		{6AD79469-357B-4D7D-9E86-BD3085B7BE72}.AppStore|iPhone.ActiveCfg = Release|Any CPU
		{6AD79469-357B-4D7D-9E86-BD3085B7BE72}.AppStore|iPhone.Build.0 = Release|Any CPU
		{6AD79469-357B-4D7D-9E86-BD3085B7BE72}.AppStore|iPhoneSimulator.ActiveCfg = Release|Any CPU
		{6AD79469-357B-4D7D-9E86-BD3085B7BE72}.AppStore|iPhoneSimulator.Build.0 = Release|Any CPU
		{6AD79469-357B-4D7D-9E86-BD3085B7BE72}.AppStore|x64.ActiveCfg = Release|Any CPU
		{6AD79469-357B-4D7D-9E86-BD3085B7BE72}.AppStore|x64.Build.0 = Release|Any CPU
		{6AD79469-357B-4D7D-9E86-BD3085B7BE72}.AppStore|x86.ActiveCfg = Release|Any CPU
		{6AD79469-357B-4D7D-9E86-BD3085B7BE72}.AppStore|x86.Build.0 = Release|Any CPU
		{6AD79469-357B-4D7D-9E86-BD3085B7BE72}.Debug|Any CPU.ActiveCfg = Debug|Any CPU
		{6AD79469-357B-4D7D-9E86-BD3085B7BE72}.Debug|Any CPU.Build.0 = Debug|Any CPU
		{6AD79469-357B-4D7D-9E86-BD3085B7BE72}.Debug|ARM.ActiveCfg = Debug|Any CPU
		{6AD79469-357B-4D7D-9E86-BD3085B7BE72}.Debug|ARM.Build.0 = Debug|Any CPU
		{6AD79469-357B-4D7D-9E86-BD3085B7BE72}.Debug|iPhone.ActiveCfg = Debug|Any CPU
		{6AD79469-357B-4D7D-9E86-BD3085B7BE72}.Debug|iPhone.Build.0 = Debug|Any CPU
		{6AD79469-357B-4D7D-9E86-BD3085B7BE72}.Debug|iPhoneSimulator.ActiveCfg = Debug|Any CPU
		{6AD79469-357B-4D7D-9E86-BD3085B7BE72}.Debug|iPhoneSimulator.Build.0 = Debug|Any CPU
		{6AD79469-357B-4D7D-9E86-BD3085B7BE72}.Debug|x64.ActiveCfg = Debug|Any CPU
		{6AD79469-357B-4D7D-9E86-BD3085B7BE72}.Debug|x64.Build.0 = Debug|Any CPU
		{6AD79469-357B-4D7D-9E86-BD3085B7BE72}.Debug|x86.ActiveCfg = Debug|Any CPU
		{6AD79469-357B-4D7D-9E86-BD3085B7BE72}.Debug|x86.Build.0 = Debug|Any CPU
		{6AD79469-357B-4D7D-9E86-BD3085B7BE72}.Release|Any CPU.ActiveCfg = Release|Any CPU
		{6AD79469-357B-4D7D-9E86-BD3085B7BE72}.Release|Any CPU.Build.0 = Release|Any CPU
		{6AD79469-357B-4D7D-9E86-BD3085B7BE72}.Release|ARM.ActiveCfg = Release|Any CPU
		{6AD79469-357B-4D7D-9E86-BD3085B7BE72}.Release|ARM.Build.0 = Release|Any CPU
		{6AD79469-357B-4D7D-9E86-BD3085B7BE72}.Release|iPhone.ActiveCfg = Release|Any CPU
		{6AD79469-357B-4D7D-9E86-BD3085B7BE72}.Release|iPhone.Build.0 = Release|Any CPU
		{6AD79469-357B-4D7D-9E86-BD3085B7BE72}.Release|iPhoneSimulator.ActiveCfg = Release|Any CPU
		{6AD79469-357B-4D7D-9E86-BD3085B7BE72}.Release|iPhoneSimulator.Build.0 = Release|Any CPU
		{6AD79469-357B-4D7D-9E86-BD3085B7BE72}.Release|x64.ActiveCfg = Release|Any CPU
		{6AD79469-357B-4D7D-9E86-BD3085B7BE72}.Release|x64.Build.0 = Release|Any CPU
		{6AD79469-357B-4D7D-9E86-BD3085B7BE72}.Release|x86.ActiveCfg = Release|Any CPU
		{6AD79469-357B-4D7D-9E86-BD3085B7BE72}.Release|x86.Build.0 = Release|Any CPU
		{7274EEC8-F59D-4E52-A5EB-CF51E18674B8}.Ad-Hoc|Any CPU.ActiveCfg = Release|Any CPU
		{7274EEC8-F59D-4E52-A5EB-CF51E18674B8}.Ad-Hoc|Any CPU.Build.0 = Release|Any CPU
		{7274EEC8-F59D-4E52-A5EB-CF51E18674B8}.Ad-Hoc|ARM.ActiveCfg = Release|Any CPU
		{7274EEC8-F59D-4E52-A5EB-CF51E18674B8}.Ad-Hoc|ARM.Build.0 = Release|Any CPU
		{7274EEC8-F59D-4E52-A5EB-CF51E18674B8}.Ad-Hoc|iPhone.ActiveCfg = Release|Any CPU
		{7274EEC8-F59D-4E52-A5EB-CF51E18674B8}.Ad-Hoc|iPhone.Build.0 = Release|Any CPU
		{7274EEC8-F59D-4E52-A5EB-CF51E18674B8}.Ad-Hoc|iPhoneSimulator.ActiveCfg = Release|Any CPU
		{7274EEC8-F59D-4E52-A5EB-CF51E18674B8}.Ad-Hoc|iPhoneSimulator.Build.0 = Release|Any CPU
		{7274EEC8-F59D-4E52-A5EB-CF51E18674B8}.Ad-Hoc|x64.ActiveCfg = Release|Any CPU
		{7274EEC8-F59D-4E52-A5EB-CF51E18674B8}.Ad-Hoc|x64.Build.0 = Release|Any CPU
		{7274EEC8-F59D-4E52-A5EB-CF51E18674B8}.Ad-Hoc|x86.ActiveCfg = Release|Any CPU
		{7274EEC8-F59D-4E52-A5EB-CF51E18674B8}.Ad-Hoc|x86.Build.0 = Release|Any CPU
		{7274EEC8-F59D-4E52-A5EB-CF51E18674B8}.AppStore|Any CPU.ActiveCfg = Release|Any CPU
		{7274EEC8-F59D-4E52-A5EB-CF51E18674B8}.AppStore|Any CPU.Build.0 = Release|Any CPU
		{7274EEC8-F59D-4E52-A5EB-CF51E18674B8}.AppStore|ARM.ActiveCfg = Release|Any CPU
		{7274EEC8-F59D-4E52-A5EB-CF51E18674B8}.AppStore|ARM.Build.0 = Release|Any CPU
		{7274EEC8-F59D-4E52-A5EB-CF51E18674B8}.AppStore|iPhone.ActiveCfg = Release|Any CPU
		{7274EEC8-F59D-4E52-A5EB-CF51E18674B8}.AppStore|iPhone.Build.0 = Release|Any CPU
		{7274EEC8-F59D-4E52-A5EB-CF51E18674B8}.AppStore|iPhoneSimulator.ActiveCfg = Release|Any CPU
		{7274EEC8-F59D-4E52-A5EB-CF51E18674B8}.AppStore|iPhoneSimulator.Build.0 = Release|Any CPU
		{7274EEC8-F59D-4E52-A5EB-CF51E18674B8}.AppStore|x64.ActiveCfg = Release|Any CPU
		{7274EEC8-F59D-4E52-A5EB-CF51E18674B8}.AppStore|x64.Build.0 = Release|Any CPU
		{7274EEC8-F59D-4E52-A5EB-CF51E18674B8}.AppStore|x86.ActiveCfg = Release|Any CPU
		{7274EEC8-F59D-4E52-A5EB-CF51E18674B8}.AppStore|x86.Build.0 = Release|Any CPU
		{7274EEC8-F59D-4E52-A5EB-CF51E18674B8}.Debug|Any CPU.ActiveCfg = Debug|Any CPU
		{7274EEC8-F59D-4E52-A5EB-CF51E18674B8}.Debug|Any CPU.Build.0 = Debug|Any CPU
		{7274EEC8-F59D-4E52-A5EB-CF51E18674B8}.Debug|ARM.ActiveCfg = Debug|Any CPU
		{7274EEC8-F59D-4E52-A5EB-CF51E18674B8}.Debug|ARM.Build.0 = Debug|Any CPU
		{7274EEC8-F59D-4E52-A5EB-CF51E18674B8}.Debug|iPhone.ActiveCfg = Debug|Any CPU
		{7274EEC8-F59D-4E52-A5EB-CF51E18674B8}.Debug|iPhone.Build.0 = Debug|Any CPU
		{7274EEC8-F59D-4E52-A5EB-CF51E18674B8}.Debug|iPhoneSimulator.ActiveCfg = Debug|Any CPU
		{7274EEC8-F59D-4E52-A5EB-CF51E18674B8}.Debug|iPhoneSimulator.Build.0 = Debug|Any CPU
		{7274EEC8-F59D-4E52-A5EB-CF51E18674B8}.Debug|x64.ActiveCfg = Debug|Any CPU
		{7274EEC8-F59D-4E52-A5EB-CF51E18674B8}.Debug|x64.Build.0 = Debug|Any CPU
		{7274EEC8-F59D-4E52-A5EB-CF51E18674B8}.Debug|x86.ActiveCfg = Debug|Any CPU
		{7274EEC8-F59D-4E52-A5EB-CF51E18674B8}.Debug|x86.Build.0 = Debug|Any CPU
		{7274EEC8-F59D-4E52-A5EB-CF51E18674B8}.Release|Any CPU.ActiveCfg = Release|Any CPU
		{7274EEC8-F59D-4E52-A5EB-CF51E18674B8}.Release|Any CPU.Build.0 = Release|Any CPU
		{7274EEC8-F59D-4E52-A5EB-CF51E18674B8}.Release|ARM.ActiveCfg = Release|Any CPU
		{7274EEC8-F59D-4E52-A5EB-CF51E18674B8}.Release|ARM.Build.0 = Release|Any CPU
		{7274EEC8-F59D-4E52-A5EB-CF51E18674B8}.Release|iPhone.ActiveCfg = Release|Any CPU
		{7274EEC8-F59D-4E52-A5EB-CF51E18674B8}.Release|iPhone.Build.0 = Release|Any CPU
		{7274EEC8-F59D-4E52-A5EB-CF51E18674B8}.Release|iPhoneSimulator.ActiveCfg = Release|Any CPU
		{7274EEC8-F59D-4E52-A5EB-CF51E18674B8}.Release|iPhoneSimulator.Build.0 = Release|Any CPU
		{7274EEC8-F59D-4E52-A5EB-CF51E18674B8}.Release|x64.ActiveCfg = Release|Any CPU
		{7274EEC8-F59D-4E52-A5EB-CF51E18674B8}.Release|x64.Build.0 = Release|Any CPU
		{7274EEC8-F59D-4E52-A5EB-CF51E18674B8}.Release|x86.ActiveCfg = Release|Any CPU
		{7274EEC8-F59D-4E52-A5EB-CF51E18674B8}.Release|x86.Build.0 = Release|Any CPU
		{EB46802E-2700-4579-962D-ACC50C3D48DC}.Ad-Hoc|Any CPU.ActiveCfg = Release|Any CPU
		{EB46802E-2700-4579-962D-ACC50C3D48DC}.Ad-Hoc|Any CPU.Build.0 = Release|Any CPU
		{EB46802E-2700-4579-962D-ACC50C3D48DC}.Ad-Hoc|ARM.ActiveCfg = Release|Any CPU
		{EB46802E-2700-4579-962D-ACC50C3D48DC}.Ad-Hoc|ARM.Build.0 = Release|Any CPU
		{EB46802E-2700-4579-962D-ACC50C3D48DC}.Ad-Hoc|iPhone.ActiveCfg = Release|Any CPU
		{EB46802E-2700-4579-962D-ACC50C3D48DC}.Ad-Hoc|iPhone.Build.0 = Release|Any CPU
		{EB46802E-2700-4579-962D-ACC50C3D48DC}.Ad-Hoc|iPhoneSimulator.ActiveCfg = Release|Any CPU
		{EB46802E-2700-4579-962D-ACC50C3D48DC}.Ad-Hoc|iPhoneSimulator.Build.0 = Release|Any CPU
		{EB46802E-2700-4579-962D-ACC50C3D48DC}.Ad-Hoc|x64.ActiveCfg = Release|Any CPU
		{EB46802E-2700-4579-962D-ACC50C3D48DC}.Ad-Hoc|x64.Build.0 = Release|Any CPU
		{EB46802E-2700-4579-962D-ACC50C3D48DC}.Ad-Hoc|x86.ActiveCfg = Release|Any CPU
		{EB46802E-2700-4579-962D-ACC50C3D48DC}.Ad-Hoc|x86.Build.0 = Release|Any CPU
		{EB46802E-2700-4579-962D-ACC50C3D48DC}.AppStore|Any CPU.ActiveCfg = Release|Any CPU
		{EB46802E-2700-4579-962D-ACC50C3D48DC}.AppStore|Any CPU.Build.0 = Release|Any CPU
		{EB46802E-2700-4579-962D-ACC50C3D48DC}.AppStore|ARM.ActiveCfg = Release|Any CPU
		{EB46802E-2700-4579-962D-ACC50C3D48DC}.AppStore|ARM.Build.0 = Release|Any CPU
		{EB46802E-2700-4579-962D-ACC50C3D48DC}.AppStore|iPhone.ActiveCfg = Release|Any CPU
		{EB46802E-2700-4579-962D-ACC50C3D48DC}.AppStore|iPhone.Build.0 = Release|Any CPU
		{EB46802E-2700-4579-962D-ACC50C3D48DC}.AppStore|iPhoneSimulator.ActiveCfg = Release|Any CPU
		{EB46802E-2700-4579-962D-ACC50C3D48DC}.AppStore|iPhoneSimulator.Build.0 = Release|Any CPU
		{EB46802E-2700-4579-962D-ACC50C3D48DC}.AppStore|x64.ActiveCfg = Release|Any CPU
		{EB46802E-2700-4579-962D-ACC50C3D48DC}.AppStore|x64.Build.0 = Release|Any CPU
		{EB46802E-2700-4579-962D-ACC50C3D48DC}.AppStore|x86.ActiveCfg = Release|Any CPU
		{EB46802E-2700-4579-962D-ACC50C3D48DC}.AppStore|x86.Build.0 = Release|Any CPU
		{EB46802E-2700-4579-962D-ACC50C3D48DC}.Debug|Any CPU.ActiveCfg = Debug|Any CPU
		{EB46802E-2700-4579-962D-ACC50C3D48DC}.Debug|Any CPU.Build.0 = Debug|Any CPU
		{EB46802E-2700-4579-962D-ACC50C3D48DC}.Debug|ARM.ActiveCfg = Debug|Any CPU
		{EB46802E-2700-4579-962D-ACC50C3D48DC}.Debug|ARM.Build.0 = Debug|Any CPU
		{EB46802E-2700-4579-962D-ACC50C3D48DC}.Debug|iPhone.ActiveCfg = Debug|Any CPU
		{EB46802E-2700-4579-962D-ACC50C3D48DC}.Debug|iPhone.Build.0 = Debug|Any CPU
		{EB46802E-2700-4579-962D-ACC50C3D48DC}.Debug|iPhoneSimulator.ActiveCfg = Debug|Any CPU
		{EB46802E-2700-4579-962D-ACC50C3D48DC}.Debug|iPhoneSimulator.Build.0 = Debug|Any CPU
		{EB46802E-2700-4579-962D-ACC50C3D48DC}.Debug|x64.ActiveCfg = Debug|Any CPU
		{EB46802E-2700-4579-962D-ACC50C3D48DC}.Debug|x64.Build.0 = Debug|Any CPU
		{EB46802E-2700-4579-962D-ACC50C3D48DC}.Debug|x86.ActiveCfg = Debug|Any CPU
		{EB46802E-2700-4579-962D-ACC50C3D48DC}.Debug|x86.Build.0 = Debug|Any CPU
		{EB46802E-2700-4579-962D-ACC50C3D48DC}.Release|Any CPU.ActiveCfg = Release|Any CPU
		{EB46802E-2700-4579-962D-ACC50C3D48DC}.Release|Any CPU.Build.0 = Release|Any CPU
		{EB46802E-2700-4579-962D-ACC50C3D48DC}.Release|ARM.ActiveCfg = Release|Any CPU
		{EB46802E-2700-4579-962D-ACC50C3D48DC}.Release|ARM.Build.0 = Release|Any CPU
		{EB46802E-2700-4579-962D-ACC50C3D48DC}.Release|iPhone.ActiveCfg = Release|Any CPU
		{EB46802E-2700-4579-962D-ACC50C3D48DC}.Release|iPhone.Build.0 = Release|Any CPU
		{EB46802E-2700-4579-962D-ACC50C3D48DC}.Release|iPhoneSimulator.ActiveCfg = Release|Any CPU
		{EB46802E-2700-4579-962D-ACC50C3D48DC}.Release|iPhoneSimulator.Build.0 = Release|Any CPU
		{EB46802E-2700-4579-962D-ACC50C3D48DC}.Release|x64.ActiveCfg = Release|Any CPU
		{EB46802E-2700-4579-962D-ACC50C3D48DC}.Release|x64.Build.0 = Release|Any CPU
		{EB46802E-2700-4579-962D-ACC50C3D48DC}.Release|x86.ActiveCfg = Release|Any CPU
		{EB46802E-2700-4579-962D-ACC50C3D48DC}.Release|x86.Build.0 = Release|Any CPU
		{43EC3252-968C-4FCB-B924-A2CEB5F7C141}.Ad-Hoc|Any CPU.ActiveCfg = Release|Any CPU
		{43EC3252-968C-4FCB-B924-A2CEB5F7C141}.Ad-Hoc|Any CPU.Build.0 = Release|Any CPU
		{43EC3252-968C-4FCB-B924-A2CEB5F7C141}.Ad-Hoc|ARM.ActiveCfg = Release|Any CPU
		{43EC3252-968C-4FCB-B924-A2CEB5F7C141}.Ad-Hoc|ARM.Build.0 = Release|Any CPU
		{43EC3252-968C-4FCB-B924-A2CEB5F7C141}.Ad-Hoc|iPhone.ActiveCfg = Release|Any CPU
		{43EC3252-968C-4FCB-B924-A2CEB5F7C141}.Ad-Hoc|iPhone.Build.0 = Release|Any CPU
		{43EC3252-968C-4FCB-B924-A2CEB5F7C141}.Ad-Hoc|iPhoneSimulator.ActiveCfg = Release|Any CPU
		{43EC3252-968C-4FCB-B924-A2CEB5F7C141}.Ad-Hoc|iPhoneSimulator.Build.0 = Release|Any CPU
		{43EC3252-968C-4FCB-B924-A2CEB5F7C141}.Ad-Hoc|x64.ActiveCfg = Release|Any CPU
		{43EC3252-968C-4FCB-B924-A2CEB5F7C141}.Ad-Hoc|x64.Build.0 = Release|Any CPU
		{43EC3252-968C-4FCB-B924-A2CEB5F7C141}.Ad-Hoc|x86.ActiveCfg = Release|Any CPU
		{43EC3252-968C-4FCB-B924-A2CEB5F7C141}.Ad-Hoc|x86.Build.0 = Release|Any CPU
		{43EC3252-968C-4FCB-B924-A2CEB5F7C141}.AppStore|Any CPU.ActiveCfg = Release|Any CPU
		{43EC3252-968C-4FCB-B924-A2CEB5F7C141}.AppStore|Any CPU.Build.0 = Release|Any CPU
		{43EC3252-968C-4FCB-B924-A2CEB5F7C141}.AppStore|ARM.ActiveCfg = Release|Any CPU
		{43EC3252-968C-4FCB-B924-A2CEB5F7C141}.AppStore|ARM.Build.0 = Release|Any CPU
		{43EC3252-968C-4FCB-B924-A2CEB5F7C141}.AppStore|iPhone.ActiveCfg = Release|Any CPU
		{43EC3252-968C-4FCB-B924-A2CEB5F7C141}.AppStore|iPhone.Build.0 = Release|Any CPU
		{43EC3252-968C-4FCB-B924-A2CEB5F7C141}.AppStore|iPhoneSimulator.ActiveCfg = Release|Any CPU
		{43EC3252-968C-4FCB-B924-A2CEB5F7C141}.AppStore|iPhoneSimulator.Build.0 = Release|Any CPU
		{43EC3252-968C-4FCB-B924-A2CEB5F7C141}.AppStore|x64.ActiveCfg = Release|Any CPU
		{43EC3252-968C-4FCB-B924-A2CEB5F7C141}.AppStore|x64.Build.0 = Release|Any CPU
		{43EC3252-968C-4FCB-B924-A2CEB5F7C141}.AppStore|x86.ActiveCfg = Release|Any CPU
		{43EC3252-968C-4FCB-B924-A2CEB5F7C141}.AppStore|x86.Build.0 = Release|Any CPU
		{43EC3252-968C-4FCB-B924-A2CEB5F7C141}.Debug|Any CPU.ActiveCfg = Debug|Any CPU
		{43EC3252-968C-4FCB-B924-A2CEB5F7C141}.Debug|Any CPU.Build.0 = Debug|Any CPU
		{43EC3252-968C-4FCB-B924-A2CEB5F7C141}.Debug|ARM.ActiveCfg = Debug|Any CPU
		{43EC3252-968C-4FCB-B924-A2CEB5F7C141}.Debug|ARM.Build.0 = Debug|Any CPU
		{43EC3252-968C-4FCB-B924-A2CEB5F7C141}.Debug|iPhone.ActiveCfg = Debug|Any CPU
		{43EC3252-968C-4FCB-B924-A2CEB5F7C141}.Debug|iPhone.Build.0 = Debug|Any CPU
		{43EC3252-968C-4FCB-B924-A2CEB5F7C141}.Debug|iPhoneSimulator.ActiveCfg = Debug|Any CPU
		{43EC3252-968C-4FCB-B924-A2CEB5F7C141}.Debug|iPhoneSimulator.Build.0 = Debug|Any CPU
		{43EC3252-968C-4FCB-B924-A2CEB5F7C141}.Debug|x64.ActiveCfg = Debug|Any CPU
		{43EC3252-968C-4FCB-B924-A2CEB5F7C141}.Debug|x64.Build.0 = Debug|Any CPU
		{43EC3252-968C-4FCB-B924-A2CEB5F7C141}.Debug|x86.ActiveCfg = Debug|Any CPU
		{43EC3252-968C-4FCB-B924-A2CEB5F7C141}.Debug|x86.Build.0 = Debug|Any CPU
		{43EC3252-968C-4FCB-B924-A2CEB5F7C141}.Release|Any CPU.ActiveCfg = Release|Any CPU
		{43EC3252-968C-4FCB-B924-A2CEB5F7C141}.Release|Any CPU.Build.0 = Release|Any CPU
		{43EC3252-968C-4FCB-B924-A2CEB5F7C141}.Release|ARM.ActiveCfg = Release|Any CPU
		{43EC3252-968C-4FCB-B924-A2CEB5F7C141}.Release|ARM.Build.0 = Release|Any CPU
		{43EC3252-968C-4FCB-B924-A2CEB5F7C141}.Release|iPhone.ActiveCfg = Release|Any CPU
		{43EC3252-968C-4FCB-B924-A2CEB5F7C141}.Release|iPhone.Build.0 = Release|Any CPU
		{43EC3252-968C-4FCB-B924-A2CEB5F7C141}.Release|iPhoneSimulator.ActiveCfg = Release|Any CPU
		{43EC3252-968C-4FCB-B924-A2CEB5F7C141}.Release|iPhoneSimulator.Build.0 = Release|Any CPU
		{43EC3252-968C-4FCB-B924-A2CEB5F7C141}.Release|x64.ActiveCfg = Release|Any CPU
		{43EC3252-968C-4FCB-B924-A2CEB5F7C141}.Release|x64.Build.0 = Release|Any CPU
		{43EC3252-968C-4FCB-B924-A2CEB5F7C141}.Release|x86.ActiveCfg = Release|Any CPU
		{43EC3252-968C-4FCB-B924-A2CEB5F7C141}.Release|x86.Build.0 = Release|Any CPU
	EndGlobalSection
	GlobalSection(SolutionProperties) = preSolution
		HideSolutionNode = FALSE
	EndGlobalSection
	GlobalSection(ExtensibilityGlobals) = postSolution
		SolutionGuid = {D429BDC2-B89F-44C3-A789-C627137AEB91}
	EndGlobalSection
EndGlobal
